<?xml version="1.0" encoding="utf-8"?>
<Project ToolsVersion="4.0" xmlns="http://schemas.microsoft.com/developer/msbuild/2003">
  <ItemGroup>
    <Filter Include="Source Files">
      <UniqueIdentifier>{4FC737F1-C7A5-4376-A066-2A32D752A2FF}</UniqueIdentifier>
      <Extensions>cpp;c;cc;cxx;c++;cppm;ixx;def;odl;idl;hpj;bat;asm;asmx</Extensions>
    </Filter>
    <Filter Include="Header Files">
      <UniqueIdentifier>{93995380-89BD-4b04-88EB-625FBE52EBFB}</UniqueIdentifier>
      <Extensions>h;hh;hpp;hxx;h++;hm;inl;inc;ipp;xsd</Extensions>
    </Filter>
    <Filter Include="Resource Files">
      <UniqueIdentifier>{67DA6AB6-F800-4c08-8B7A-83BB121AAD01}</UniqueIdentifier>
      <Extensions>rc;ico;cur;bmp;dlg;rc2;rct;bin;rgs;gif;jpg;jpeg;jpe;resx;tiff;tif;png;wav;mfcribbon-ms</Extensions>
    </Filter>
    <Filter Include="Source Files\instructions">
      <UniqueIdentifier>{f6110c46-3cff-4d9e-9358-eb59f9ab1e54}</UniqueIdentifier>
    </Filter>
    <Filter Include="Source Files\CB">
      <UniqueIdentifier>{8d9cd764-5842-45fd-af53-b18fce3280c7}</UniqueIdentifier>
    </Filter>
  </ItemGroup>
  <ItemGroup>
    <ClCompile Include="cart.cpp">
      <Filter>Source Files</Filter>
    </ClCompile>
    <ClCompile Include="cpu.cpp">
      <Filter>Source Files</Filter>
    </ClCompile>
    <ClCompile Include="emu.cpp">
      <Filter>Source Files</Filter>
    </ClCompile>
    <ClCompile Include="memory.cpp">
      <Filter>Source Files</Filter>
    </ClCompile>
    <ClCompile Include="8bit_arithmetic.cpp">
      <Filter>Source Files\instructions</Filter>
    </ClCompile>
    <ClCompile Include="common.cpp">
      <Filter>Source Files</Filter>
    </ClCompile>
    <ClCompile Include="16bit_arithmetic.cpp">
      <Filter>Source Files\instructions</Filter>
    </ClCompile>
    <ClCompile Include="8bit_load.cpp">
      <Filter>Source Files\instructions</Filter>
    </ClCompile>
    <ClCompile Include="16bit_load.cpp">
      <Filter>Source Files\instructions</Filter>
    </ClCompile>
    <ClCompile Include="stack.cpp">
      <Filter>Source Files\instructions</Filter>
    </ClCompile>
    <ClCompile Include="jump_subroutine.cpp">
      <Filter>Source Files</Filter>
    </ClCompile>
    <ClCompile Include="bits.cpp">
      <Filter>Source Files\instructions</Filter>
    </ClCompile>
    <ClCompile Include="misc.cpp">
      <Filter>Source Files\instructions</Filter>
    </ClCompile>
    <ClCompile Include="misc.h">
      <Filter>Source Files\instructions</Filter>
    </ClCompile>
    <ClCompile Include="bit_flag.cpp">
      <Filter>Source Files\CB</Filter>
    </ClCompile>
    <ClCompile Include="bit_shift.cpp">
      <Filter>Source Files\CB</Filter>
    </ClCompile>
  </ItemGroup>
  <ItemGroup>
    <ClInclude Include="cart.h">
      <Filter>Header Files</Filter>
    </ClInclude>
    <ClInclude Include="common.h">
      <Filter>Header Files</Filter>
    </ClInclude>
    <ClInclude Include="cpu.h">
      <Filter>Header Files</Filter>
    </ClInclude>
    <ClInclude Include="memory.h">
      <Filter>Header Files</Filter>
    </ClInclude>
    <ClInclude Include="instruction.h">
      <Filter>Header Files</Filter>
    </ClInclude>
    <ClInclude Include="8bit_arithmetic.h">
      <Filter>Source Files\instructions</Filter>
    </ClInclude>
    <ClInclude Include="16bit_arithmetic.h">
      <Filter>Source Files\instructions</Filter>
    </ClInclude>
    <ClInclude Include="8bit_load.h">
      <Filter>Source Files\instructions</Filter>
    </ClInclude>
    <ClInclude Include="16bit_load.h">
      <Filter>Source Files\instructions</Filter>
    </ClInclude>
    <ClInclude Include="stack.h">
      <Filter>Source Files\instructions</Filter>
    </ClInclude>
    <ClInclude Include="jump_subroutine.h">
      <Filter>Source Files\instructions</Filter>
    </ClInclude>
    <ClInclude Include="bits.h">
      <Filter>Source Files\instructions</Filter>
    </ClInclude>
    <ClInclude Include="bit_shift.h">
      <Filter>Source Files\CB</Filter>
    </ClInclude>
    <ClInclude Include="bit_flag.h">
      <Filter>Source Files\CB</Filter>
    </ClInclude>
  </ItemGroup>
</Project>